
Microsoft Visual Studio Solution File, Format Version 12.00
# Visual Studio Version 16
VisualStudioVersion = 16.0.31410.357
MinimumVisualStudioVersion = 10.0.40219.1
Project("{FAE04EC0-301F-11D3-BF4B-00C04F79EFBC}") = "FMC Flex To Temp", "FMC Flex To Temp.csproj", "{7A00F168-F657-4DE6-B1CD-4608368CBFDB}"
EndProject
Global
	GlobalSection(SolutionConfigurationPlatforms) = preSolution
		Debug|Any CPU = Debug|Any CPU
		Release|Any CPU = Release|Any CPU
	EndGlobalSection
	GlobalSection(ProjectConfigurationPlatforms) = postSolution
		{7A00F168-F657-4DE6-B1CD-4608368CBFDB}.Debug|Any CPU.ActiveCfg = Debug|Any CPU
		{7A00F168-F657-4DE6-B1CD-4608368CBFDB}.Debug|Any CPU.Build.0 = Debug|Any CPU
		{7A00F168-F657-4DE6-B1CD-4608368CBFDB}.Release|Any CPU.ActiveCfg = Release|Any CPU
		{7A00F168-F657-4DE6-B1CD-4608368CBFDB}.Release|Any CPU.Build.0 = Release|Any CPU
	EndGlobalSection
	GlobalSection(SolutionProperties) = preSolution
		HideSolutionNode = FALSE
	EndGlobalSection
	GlobalSection(ExtensibilityGlobals) = postSolution
		SolutionGuid = {F1FD2C11-ABD1-44AC-962A-4FB2F8B0F042}
	EndGlobalSection
EndGlobal
